{
    "_readme": [
        "This file locks the dependencies of your project to a known state",
        "Read more about it at https://getcomposer.org/doc/01-basic-usage.md#installing-dependencies",
        "This file is @generated automatically"
    ],
    "content-hash": "0f5a1f59a4ae5ea8645cf188f1ae8ab3",
    "packages": [
        {
            "name": "bjornjohansen/spiderbear",
            "version": "0.1.6",
            "source": {
                "type": "git",
                "url": "https://github.com/bjornjohansen/SpiderBear.git",
                "reference": "1c03221b6383b05a373f32d1313a84a8bc56a39e"
            },
            "dist": {
                "type": "zip",
                "url": "https://api.github.com/repos/bjornjohansen/SpiderBear/zipball/1c03221b6383b05a373f32d1313a84a8bc56a39e",
                "reference": "1c03221b6383b05a373f32d1313a84a8bc56a39e",
                "shasum": ""
            },
            "type": "wordpress-theme",
            "notification-url": "https://packagist.org/downloads/",
            "license": [
                "GPL-2.0-only"
            ],
            "authors": [
                {
                    "name": "Bjørn Johansen",
                    "email": "post@bjornjohansen.no",
                    "homepage": "https://bjornjohansen.no"
                }
            ],
            "description": "SpiderBear is a WordPress theme forked from Intergalactic 2 by Automattic",
            "keywords": [
                "theme",
                "wordpress"
            ],
            "time": "2018-02-13T14:20:17+00:00"
        },
        {
            "name": "composer/installers",
            "version": "v1.6.0",
            "source": {
                "type": "git",
                "url": "https://github.com/composer/installers.git",
                "reference": "cfcca6b1b60bc4974324efb5783c13dca6932b5b"
            },
            "dist": {
                "type": "zip",
                "url": "https://api.github.com/repos/composer/installers/zipball/cfcca6b1b60bc4974324efb5783c13dca6932b5b",
                "reference": "cfcca6b1b60bc4974324efb5783c13dca6932b5b",
                "shasum": ""
            },
            "require": {
                "composer-plugin-api": "^1.0"
            },
            "replace": {
                "roundcube/plugin-installer": "*",
                "shama/baton": "*"
            },
            "require-dev": {
                "composer/composer": "1.0.*@dev",
                "phpunit/phpunit": "^4.8.36"
            },
            "type": "composer-plugin",
            "extra": {
                "class": "Composer\\Installers\\Plugin",
                "branch-alias": {
                    "dev-master": "1.0-dev"
                }
            },
            "autoload": {
                "psr-4": {
                    "Composer\\Installers\\": "src/Composer/Installers"
                }
            },
            "notification-url": "https://packagist.org/downloads/",
            "license": [
                "MIT"
            ],
            "authors": [
                {
                    "name": "Kyle Robinson Young",
                    "email": "kyle@dontkry.com",
                    "homepage": "https://github.com/shama"
                }
            ],
            "description": "A multi-framework Composer library installer",
            "homepage": "https://composer.github.io/installers/",
            "keywords": [
                "Craft",
                "Dolibarr",
                "Eliasis",
                "Hurad",
                "ImageCMS",
                "Kanboard",
                "Lan Management System",
                "MODX Evo",
                "Mautic",
                "Maya",
                "OXID",
                "Plentymarkets",
                "Porto",
                "RadPHP",
                "SMF",
                "Thelia",
                "WolfCMS",
                "agl",
                "aimeos",
                "annotatecms",
                "attogram",
                "bitrix",
                "cakephp",
                "chef",
                "cockpit",
                "codeigniter",
                "concrete5",
                "croogo",
                "dokuwiki",
                "drupal",
                "eZ Platform",
                "elgg",
                "expressionengine",
                "fuelphp",
                "grav",
                "installer",
                "itop",
                "joomla",
                "kohana",
                "laravel",
                "lavalite",
                "lithium",
                "magento",
                "majima",
                "mako",
                "mediawiki",
                "modulework",
                "modx",
                "moodle",
                "osclass",
                "phpbb",
                "piwik",
                "ppi",
                "puppet",
                "pxcms",
                "reindex",
                "roundcube",
                "shopware",
                "silverstripe",
                "sydes",
                "symfony",
                "typo3",
                "wordpress",
                "yawik",
                "zend",
                "zikula"
            ],
            "time": "2018-08-27T06:10:37+00:00"
        },
        {
            "name": "johnpbloch/wordpress",
            "version": "4.9.8",
            "source": {
                "type": "git",
                "url": "https://github.com/johnpbloch/wordpress.git",
                "reference": "de02cd79a41e06f36558040724414197cb7f6246"
            },
            "dist": {
                "type": "zip",
                "url": "https://api.github.com/repos/johnpbloch/wordpress/zipball/de02cd79a41e06f36558040724414197cb7f6246",
                "reference": "de02cd79a41e06f36558040724414197cb7f6246",
                "shasum": ""
            },
            "require": {
                "johnpbloch/wordpress-core": "4.9.8",
                "johnpbloch/wordpress-core-installer": "^1.0",
                "php": ">=5.3.2"
            },
            "type": "package",
            "notification-url": "https://packagist.org/downloads/",
            "license": [
                "GPL-2.0+"
            ],
            "authors": [
                {
                    "name": "WordPress Community",
                    "homepage": "http://wordpress.org/about/"
                }
            ],
            "description": "WordPress is web software you can use to create a beautiful website or blog.",
            "homepage": "http://wordpress.org/",
            "keywords": [
                "blog",
                "cms",
                "wordpress"
            ],
            "time": "2018-08-02T21:48:39+00:00"
        },
        {
            "name": "johnpbloch/wordpress-core",
            "version": "4.9.8",
            "source": {
                "type": "git",
                "url": "https://github.com/johnpbloch/wordpress-core.git",
                "reference": "50323f9b91d7689d615b4af02caf9d80584b1cfc"
            },
            "dist": {
                "type": "zip",
                "url": "https://api.github.com/repos/johnpbloch/wordpress-core/zipball/50323f9b91d7689d615b4af02caf9d80584b1cfc",
                "reference": "50323f9b91d7689d615b4af02caf9d80584b1cfc",
                "shasum": ""
            },
            "require": {
                "php": ">=5.3.2"
            },
            "provide": {
                "wordpress/core-implementation": "4.9.8"
            },
            "type": "wordpress-core",
            "notification-url": "https://packagist.org/downloads/",
            "license": [
                "GPL-2.0-or-later"
            ],
            "authors": [
                {
                    "name": "WordPress Community",
                    "homepage": "http://wordpress.org/about/"
                }
            ],
            "description": "WordPress is web software you can use to create a beautiful website or blog.",
            "homepage": "http://wordpress.org/",
            "keywords": [
                "blog",
                "cms",
                "wordpress"
            ],
            "time": "2018-08-02T21:48:32+00:00"
        },
        {
            "name": "johnpbloch/wordpress-core-installer",
            "version": "1.0.0.2",
            "source": {
                "type": "git",
                "url": "https://github.com/johnpbloch/wordpress-core-installer.git",
                "reference": "7941acd71725710a789daabe0557429da63e7ac6"
            },
            "dist": {
                "type": "zip",
                "url": "https://api.github.com/repos/johnpbloch/wordpress-core-installer/zipball/7941acd71725710a789daabe0557429da63e7ac6",
                "reference": "7941acd71725710a789daabe0557429da63e7ac6",
                "shasum": ""
            },
            "require": {
                "composer-plugin-api": "^1.0"
            },
            "conflict": {
                "composer/installers": "<1.0.6"
            },
            "require-dev": {
                "composer/composer": "^1.0",
                "phpunit/phpunit": ">=4.8.35"
            },
            "type": "composer-plugin",
            "extra": {
                "class": "johnpbloch\\Composer\\WordPressCorePlugin"
            },
            "autoload": {
                "psr-0": {
                    "johnpbloch\\Composer\\": "src/"
                }
            },
            "notification-url": "https://packagist.org/downloads/",
            "license": [
                "GPL-2.0+"
            ],
            "authors": [
                {
                    "name": "John P. Bloch",
                    "email": "me@johnpbloch.com"
                }
            ],
            "description": "A custom installer to handle deploying WordPress with composer",
            "keywords": [
                "wordpress"
            ],
            "time": "2018-01-29T14:49:29+00:00"
        },
        {
            "name": "wpackagist-plugin/akismet",
            "version": "4.1",
            "source": {
                "type": "svn",
                "url": "https://plugins.svn.wordpress.org/akismet/",
                "reference": "tags/4.1"
            },
            "dist": {
                "type": "zip",
                "url": "https://downloads.wordpress.org/plugin/akismet.4.1.zip",
                "reference": null,
                "shasum": null
            },
            "require": {
                "composer/installers": "~1.0"
            },
            "type": "wordpress-plugin",
            "homepage": "https://wordpress.org/plugins/akismet/"
        },
        {
            "name": "wpackagist-plugin/disable-emojis",
            "version": "1.7.2",
            "source": {
                "type": "svn",
                "url": "https://plugins.svn.wordpress.org/disable-emojis/",
                "reference": "tags/1.7.2"
            },
            "dist": {
                "type": "zip",
                "url": "https://downloads.wordpress.org/plugin/disable-emojis.1.7.2.zip",
                "reference": null,
                "shasum": null
            },
            "require": {
                "composer/installers": "~1.0"
            },
            "type": "wordpress-plugin",
            "homepage": "https://wordpress.org/plugins/disable-emojis/"
        },
        {
            "name": "wpackagist-plugin/duo-wordpress",
            "version": "2.5.4",
            "source": {
                "type": "svn",
                "url": "https://plugins.svn.wordpress.org/duo-wordpress/",
                "reference": "tags/2.5.4"
            },
            "dist": {
                "type": "zip",
                "url": "https://downloads.wordpress.org/plugin/duo-wordpress.2.5.4.zip",
                "reference": null,
                "shasum": null
            },
            "require": {
                "composer/installers": "~1.0"
            },
            "type": "wordpress-plugin",
            "homepage": "https://wordpress.org/plugins/duo-wordpress/"
        },
        {
            "name": "wpackagist-plugin/epoch",
            "version": "1.0.14",
            "source": {
                "type": "svn",
                "url": "https://plugins.svn.wordpress.org/epoch/",
                "reference": "tags/1.0.14"
            },
            "dist": {
                "type": "zip",
                "url": "https://downloads.wordpress.org/plugin/epoch.1.0.14.zip",
                "reference": null,
                "shasum": null
            },
            "require": {
                "composer/installers": "~1.0"
            },
            "type": "wordpress-plugin",
            "homepage": "https://wordpress.org/plugins/epoch/"
        },
        {
            "name": "wpackagist-plugin/ewww-image-optimizer",
            "version": "4.5.0",
            "source": {
                "type": "svn",
                "url": "https://plugins.svn.wordpress.org/ewww-image-optimizer/",
                "reference": "tags/4.5.0"
            },
            "dist": {
                "type": "zip",
                "url": "https://downloads.wordpress.org/plugin/ewww-image-optimizer.4.5.0.zip",
                "reference": null,
                "shasum": null
            },
            "require": {
                "composer/installers": "~1.0"
            },
            "type": "wordpress-plugin",
            "homepage": "https://wordpress.org/plugins/ewww-image-optimizer/"
        },
        {
            "name": "wpackagist-plugin/gutenberg",
            "version": "4.5.0",
            "source": {
                "type": "svn",
                "url": "https://plugins.svn.wordpress.org/gutenberg/",
                "reference": "tags/4.5.0"
            },
            "dist": {
                "type": "zip",
                "url": "https://downloads.wordpress.org/plugin/gutenberg.4.5.0.zip",
                "reference": null,
                "shasum": null
            },
            "require": {
                "composer/installers": "~1.0"
            },
            "type": "wordpress-plugin",
            "homepage": "https://wordpress.org/plugins/gutenberg/"
        },
        {
            "name": "wpackagist-plugin/oembed-gist",
            "version": "4.9.1",
            "source": {
                "type": "svn",
                "url": "https://plugins.svn.wordpress.org/oembed-gist/",
                "reference": "tags/4.9.1"
            },
            "dist": {
                "type": "zip",
                "url": "https://downloads.wordpress.org/plugin/oembed-gist.4.9.1.zip",
                "reference": null,
                "shasum": null
            },
            "require": {
                "composer/installers": "~1.0"
            },
            "type": "wordpress-plugin",
            "homepage": "https://wordpress.org/plugins/oembed-gist/"
        },
        {
            "name": "wpackagist-plugin/show-parent-comment",
            "version": "0.2.1",
            "source": {
                "type": "svn",
                "url": "https://plugins.svn.wordpress.org/show-parent-comment/",
                "reference": "tags/0.2.1"
            },
            "dist": {
                "type": "zip",
                "url": "https://downloads.wordpress.org/plugin/show-parent-comment.0.2.1.zip",
                "reference": null,
                "shasum": null
            },
            "require": {
                "composer/installers": "~1.0"
            },
            "type": "wordpress-plugin",
            "homepage": "https://wordpress.org/plugins/show-parent-comment/"
        },
        {
            "name": "wpackagist-plugin/simple-comment-editing",
            "version": "2.2.1",
            "source": {
                "type": "svn",
                "url": "https://plugins.svn.wordpress.org/simple-comment-editing/",
                "reference": "tags/2.2.1"
            },
            "dist": {
                "type": "zip",
                "url": "https://downloads.wordpress.org/plugin/simple-comment-editing.2.2.1.zip",
                "reference": null,
                "shasum": null
            },
            "require": {
                "composer/installers": "~1.0"
            },
            "type": "wordpress-plugin",
            "homepage": "https://wordpress.org/plugins/simple-comment-editing/"
        },
        {
            "name": "wpackagist-plugin/simple-history",
            "version": "2.28.1",
            "source": {
                "type": "svn",
                "url": "https://plugins.svn.wordpress.org/simple-history/",
                "reference": "tags/2.28.1"
            },
            "dist": {
                "type": "zip",
                "url": "https://downloads.wordpress.org/plugin/simple-history.2.28.1.zip",
                "reference": null,
                "shasum": null
            },
            "require": {
                "composer/installers": "~1.0"
            },
            "type": "wordpress-plugin",
            "homepage": "https://wordpress.org/plugins/simple-history/"
        },
        {
            "name": "wpackagist-plugin/tuxedo-big-file-uploads",
            "version": "1.2",
            "source": {
                "type": "svn",
                "url": "https://plugins.svn.wordpress.org/tuxedo-big-file-uploads/",
                "reference": "tags/1.2"
            },
            "dist": {
                "type": "zip",
                "url": "https://downloads.wordpress.org/plugin/tuxedo-big-file-uploads.1.2.zip",
                "reference": null,
                "shasum": null
            },
            "require": {
                "composer/installers": "~1.0"
            },
            "type": "wordpress-plugin",
            "homepage": "https://wordpress.org/plugins/tuxedo-big-file-uploads/"
        },
        {
            "name": "wpackagist-plugin/user-switching",
            "version": "1.4.0",
            "source": {
                "type": "svn",
                "url": "https://plugins.svn.wordpress.org/user-switching/",
                "reference": "tags/1.4.0"
            },
            "dist": {
                "type": "zip",
                "url": "https://downloads.wordpress.org/plugin/user-switching.1.4.0.zip",
                "reference": null,
                "shasum": null
            },
            "require": {
                "composer/installers": "~1.0"
            },
            "type": "wordpress-plugin",
            "homepage": "https://wordpress.org/plugins/user-switching/"
        },
        {
            "name": "wpackagist-plugin/wp-cron-control",
            "version": "0.7.1",
            "source": {
                "type": "svn",
                "url": "https://plugins.svn.wordpress.org/wp-cron-control/",
                "reference": "tags/0.7.1"
            },
            "dist": {
                "type": "zip",
                "url": "https://downloads.wordpress.org/plugin/wp-cron-control.0.7.1.zip",
                "reference": null,
                "shasum": null
            },
            "require": {
                "composer/installers": "~1.0"
            },
            "type": "wordpress-plugin",
            "homepage": "https://wordpress.org/plugins/wp-cron-control/"
        },
        {
            "name": "wpackagist-plugin/wp-crontrol",
            "version": "1.6.2",
            "source": {
                "type": "svn",
                "url": "https://plugins.svn.wordpress.org/wp-crontrol/",
                "reference": "tags/1.6.2"
            },
            "dist": {
                "type": "zip",
                "url": "https://downloads.wordpress.org/plugin/wp-crontrol.1.6.2.zip",
                "reference": null,
                "shasum": null
            },
            "require": {
                "composer/installers": "~1.0"
            },
            "type": "wordpress-plugin",
            "homepage": "https://wordpress.org/plugins/wp-crontrol/"
        },
        {
            "name": "xrstf/composer-php52",
            "version": "v1.0.20",
            "source": {
                "type": "git",
                "url": "https://github.com/composer-php52/composer-php52.git",
                "reference": "bd41459d5e27df8d33057842b32377c39e97a5a8"
            },
            "dist": {
                "type": "zip",
                "url": "https://api.github.com/repos/composer-php52/composer-php52/zipball/bd41459d5e27df8d33057842b32377c39e97a5a8",
                "reference": "bd41459d5e27df8d33057842b32377c39e97a5a8",
                "shasum": ""
            },
            "type": "library",
            "extra": {
                "branch-alias": {
                    "dev-default": "1.x-dev"
                }
            },
            "autoload": {
                "psr-0": {
                    "xrstf\\Composer52": "lib/"
                }
            },
            "notification-url": "https://packagist.org/downloads/",
            "license": [
                "MIT"
            ],
            "time": "2016-04-16T21:52:24+00:00"
        },
        {
            "name": "yoast/api-libs",
            "version": "2.0",
            "source": {
                "type": "git",
                "url": "https://github.com/Yoast/api-libs.git",
                "reference": "e7361081a1d6ae79c0b96c8363379435ea736ef8"
            },
            "dist": {
                "type": "zip",
                "url": "https://my.yoast.com/packages/dist/yoast/api-libs/yoast-api-libs-e7361081a1d6ae79c0b96c8363379435ea736ef8-zip-1dbe2c.zip",
                "reference": "e7361081a1d6ae79c0b96c8363379435ea736ef8",
                "shasum": "911f17e613379e14c0550c6665a522e66e3f844c"
            },
            "type": "library",
            "autoload": {
                "classmap": [
                    "class-api-libs.php"
                ]
            },
            "license": [
                "GPL-3.0"
            ],
            "authors": [
                {
                    "name": "Team Yoast",
                    "email": "support@yoast.com",
                    "homepage": "https://yoast.com"
                }
            ],
            "description": "Shared API libraries for Yoast projects.",
            "homepage": "https://github.com/Yoast/api-libs",
            "keywords": [
                "wordpress"
            ],
            "support": {
                "issues": "https://github.com/Yoast/api-libs/issues",
                "source": "https://github.com/Yoast/api-libs/tree/2.0"
            },
            "time": "2015-07-14T10:25:59+00:00"
        },
        {
            "name": "yoast/i18n-module",
            "version": "3.0.0",
            "source": {
                "type": "git",
                "url": "https://github.com/Yoast/i18n-module.git",
                "reference": "76b1645aaf8cf9a07dc06ec0bbe2a6838feeed4c"
            },
            "dist": {
                "type": "zip",
                "url": "https://my.yoast.com/packages/dist/yoast/i18n-module/yoast-i18n-module-76b1645aaf8cf9a07dc06ec0bbe2a6838feeed4c-zip-49ef3c.zip",
                "reference": "76b1645aaf8cf9a07dc06ec0bbe2a6838feeed4c",
                "shasum": "107bba6f652e7770c288e44374b81b50d5306fdf"
            },
            "type": "library",
            "autoload": {
                "classmap": [
                    "src/"
                ]
            },
            "license": [
                "GPL-2.0+"
            ],
            "authors": [
                {
                    "name": "Team Yoast",
                    "email": "support@yoast.com",
                    "homepage": "https://yoast.com"
                }
            ],
            "description": "Handle i18n for WordPress plugins.",
            "homepage": "https://github.com/Yoast/i18n-module",
            "keywords": [
                "wordpress"
            ],
            "support": {
                "issues": "https://github.com/Yoast/i18n-module/issues",
                "source": "https://github.com/Yoast/i18n-module/tree/3.0.0"
            },
            "time": "2017-09-06T07:17:52+00:00"
        },
        {
            "name": "yoast/license-manager",
            "version": "1.6.0",
            "source": {
                "type": "git",
                "url": "https://github.com/Yoast/License-Manager.git",
                "reference": "fbacabb06d788912fead4f32d0d1d8b9a2d883c9"
            },
            "dist": {
                "type": "zip",
                "url": "https://my.yoast.com/packages/dist/yoast/license-manager/yoast-license-manager-fbacabb06d788912fead4f32d0d1d8b9a2d883c9-zip-5d9715.zip",
                "reference": "fbacabb06d788912fead4f32d0d1d8b9a2d883c9",
                "shasum": "043ccf138562098d0055fc47f3feefc503567936"
            },
            "type": "library",
            "autoload": {
                "classmap": [
                    "class-api-request.php",
                    "class-license-manager.php",
                    "class-plugin-license-manager.php",
                    "class-plugin-update-manager.php",
                    "class-product.php",
                    "class-theme-license-manager.php",
                    "class-theme-update-manager.php",
                    "class-update-manager.php"
                ]
            },
            "license": [
                "GPL-2.0+"
            ],
            "authors": [
                {
                    "name": "Team Yoast",
                    "email": "support@yoast.com",
                    "homepage": "https://yoast.com"
                }
            ],
            "description": "Yoast License Manager.",
            "homepage": "https://github.com/Yoast/License-Manager",
            "keywords": [
                "wordpress"
            ],
            "support": {
                "issues": "https://github.com/Yoast/License-Manager/issues",
                "source": "https://github.com/Yoast/License-Manager/tree/1.6.0"
            },
            "time": "2017-08-22T07:59:16+00:00"
        },
        {
            "name": "yoast/wordpress-seo-premium",
            "version": "9.1",
            "source": {
                "type": "git",
                "url": "git@github.com:Yoast-dist/wordpress-seo-premium.git",
                "reference": "caa0b904dd0e873df627b8774c7517e7a03bdde1"
            },
            "dist": {
                "type": "zip",
                "url": "https://my.yoast.com/packages/dist/yoast/wordpress-seo-premium/yoast-wordpress-seo-premium-caa0b904dd0e873df627b8774c7517e7a03bdde1-zip-3b92c1.zip",
                "reference": "caa0b904dd0e873df627b8774c7517e7a03bdde1",
                "shasum": "57e6ec11263282bad3da56aa9e13607d8e1e431a"
            },
            "require": {
                "composer/installers": "~1.0",
                "xrstf/composer-php52": "^1.0.20",
                "yoast/api-libs": "^2.0",
                "yoast/i18n-module": "^3.0",
                "yoast/license-manager": "1.6.0",
                "yoast/wp-helpscout": "^2.0"
            },
            "require-dev": {
                "phpcompatibility/phpcompatibility-wp": "^2.0.0",
                "roave/security-advisories": "dev-master",
                "yoast/php-development-environment": "^1.0",
                "yoast/yoastcs": "~0.4.3"
            },
            "type": "wordpress-plugin",
            "autoload": {
                "classmap": [
                    "admin/",
                    "frontend/",
                    "inc/",
                    "deprecated/",
                    "cli/",
                    "premium/cli/"
                ]
            },
            "autoload-dev": {
                "classmap": [
                    "tests/"
                ]
            },
            "scripts": {
                "config-yoastcs": [
                    "\"vendor/bin/phpcs\" --config-set installed_paths ../../../vendor/wp-coding-standards/wpcs,../../../vendor/yoast/yoastcs,../../../vendor/phpcompatibility/php-compatibility,../../../vendor/phpcompatibility/phpcompatibility-paragonie,../../../vendor/phpcompatibility/phpcompatibility-wp",
                    "\"vendor/bin/phpcs\" --config-set default_standard Yoast"
                ],
                "check-cs": [
                    "\"vendor/bin/phpcs\""
                ],
                "check-cs-errors": [
                    "\"vendor/bin/phpcs\" --error-severity=1 --warning-severity=6"
                ],
                "fix-cs": [
                    "\"vendor/bin/phpcbf\""
                ],
                "post-install-cmd": [
                    "xrstf\\Composer52\\Generator::onPostInstallCmd"
                ],
                "post-update-cmd": [
                    "xrstf\\Composer52\\Generator::onPostInstallCmd"
                ],
                "post-autoload-dump": [
                    "xrstf\\Composer52\\Generator::onPostInstallCmd"
                ]
            },
            "license": [
                "GPL-2.0-or-later"
            ],
            "authors": [
                {
                    "name": "Team Yoast",
                    "email": "support@yoast.com",
                    "homepage": "https://yoa.st/1--"
                }
            ],
            "description": "Improve your WordPress SEO: Write better content and have a fully optimized WordPress site using the Yoast SEO plugin.",
            "homepage": "https://yoa.st/1ui",
            "keywords": [
                "seo",
                "wordpress"
            ],
            "support": {
                "issues": "https://github.com/Yoast/wordpress-seo/issues",
                "forum": "https://wordpress.org/support/plugin/wordpress-seo",
                "wiki": "https://github.com/Yoast/wordpress-seo/wiki",
                "source": "https://github.com/Yoast/wordpress-seo"
            },
            "time": "2018-11-07T14:50:46+00:00"
        },
        {
            "name": "yoast/wp-helpscout",
            "version": "2.0.4",
            "source": {
                "type": "git",
                "url": "https://github.com/Yoast/wp-helpscout.git",
                "reference": "15549e900f67d62dbd0dd0b7fb72b7d064b65204"
            },
            "dist": {
                "type": "zip",
                "url": "https://my.yoast.com/packages/dist/yoast/wp-helpscout/yoast-wp-helpscout-15549e900f67d62dbd0dd0b7fb72b7d064b65204-zip-e51b2c.zip",
                "reference": "15549e900f67d62dbd0dd0b7fb72b7d064b65204",
                "shasum": "d40992f85de7a359b7b30887e489869d44f89939"
            },
            "type": "library",
            "autoload": {
                "classmap": [
                    "src/"
                ],
                "files": [
                    "src/functions.php"
                ]
            },
            "license": [
                "GPL-3.0+"
            ],
            "authors": [
                {
                    "name": "Team Yoast",
                    "email": "support@yoast.com",
                    "homepage": "https://yoast.com"
                }
            ],
            "description": "A package to integrate the helpscout beacon into WordPress",
            "support": {
                "source": "https://github.com/Yoast/wp-helpscout/tree/2.0.4",
                "issues": "https://github.com/Yoast/wp-helpscout/issues"
            },
            "time": "2018-10-31T09:37:07+00:00"
        }
    ],
    "packages-dev": [
        {
            "name": "bjornjohansen/wp-pre-commit-hook",
            "version": "0.2.2",
            "source": {
                "type": "git",
                "url": "https://github.com/bjornjohansen/wp-pre-commit-hook.git",
                "reference": "03b4682cb70ee4c1cace73fc0d26775c5eebbf0e"
            },
            "dist": {
                "type": "zip",
                "url": "https://api.github.com/repos/bjornjohansen/wp-pre-commit-hook/zipball/03b4682cb70ee4c1cace73fc0d26775c5eebbf0e",
                "reference": "03b4682cb70ee4c1cace73fc0d26775c5eebbf0e",
                "shasum": ""
            },
            "require": {
                "composer-plugin-api": "^1.0",
                "dealerdirect/phpcodesniffer-composer-installer": "*",
                "wp-coding-standards/wpcs": "*"
            },
            "type": "composer-plugin",
            "extra": {
                "class": "BjornJohansen\\WPPreCommitHook\\Plugin"
            },
            "autoload": {
                "psr-4": {
                    "BjornJohansen\\WPPreCommitHook\\": "src/"
                }
            },
            "notification-url": "https://packagist.org/downloads/",
            "license": [
                "GPL-3.0"
            ],
            "authors": [
                {
                    "name": "Bjørn Johansen",
                    "email": "post@bjornjohansen.no"
                }
            ],
            "description": "Pre-commit hook for WordPress projects",
            "time": "2018-03-15T13:54:08+00:00"
        },
        {
            "name": "dealerdirect/phpcodesniffer-composer-installer",
            "version": "v0.4.4",
            "source": {
                "type": "git",
                "url": "https://github.com/Dealerdirect/phpcodesniffer-composer-installer.git",
                "reference": "2e41850d5f7797cbb1af7b030d245b3b24e63a08"
            },
            "dist": {
                "type": "zip",
                "url": "https://api.github.com/repos/Dealerdirect/phpcodesniffer-composer-installer/zipball/2e41850d5f7797cbb1af7b030d245b3b24e63a08",
                "reference": "2e41850d5f7797cbb1af7b030d245b3b24e63a08",
                "shasum": ""
            },
            "require": {
                "composer-plugin-api": "^1.0",
                "php": "^5.3|^7",
                "squizlabs/php_codesniffer": "*"
            },
            "require-dev": {
                "composer/composer": "*",
                "wimg/php-compatibility": "^8.0"
            },
            "suggest": {
                "dealerdirect/qa-tools": "All the PHP QA tools you'll need"
            },
            "type": "composer-plugin",
            "extra": {
                "class": "Dealerdirect\\Composer\\Plugin\\Installers\\PHPCodeSniffer\\Plugin"
            },
            "autoload": {
                "psr-4": {
                    "Dealerdirect\\Composer\\Plugin\\Installers\\PHPCodeSniffer\\": "src/"
                }
            },
            "notification-url": "https://packagist.org/downloads/",
            "license": [
                "MIT"
            ],
            "authors": [
                {
                    "name": "Franck Nijhof",
                    "email": "f.nijhof@dealerdirect.nl",
                    "homepage": "http://workingatdealerdirect.eu",
                    "role": "Developer"
                }
            ],
            "description": "PHP_CodeSniffer Standards Composer Installer Plugin",
            "homepage": "http://workingatdealerdirect.eu",
            "keywords": [
                "PHPCodeSniffer",
                "PHP_CodeSniffer",
                "code quality",
                "codesniffer",
                "composer",
                "installer",
                "phpcs",
                "plugin",
                "qa",
                "quality",
                "standard",
                "standards",
                "style guide",
                "stylecheck",
                "tests"
            ],
            "time": "2017-12-06T16:27:17+00:00"
        },
        {
            "name": "squizlabs/php_codesniffer",
            "version": "3.3.1",
            "source": {
                "type": "git",
                "url": "https://github.com/squizlabs/PHP_CodeSniffer.git",
                "reference": "628a481780561150481a9ec74709092b9759b3ec"
            },
            "dist": {
                "type": "zip",
                "url": "https://api.github.com/repos/squizlabs/PHP_CodeSniffer/zipball/628a481780561150481a9ec74709092b9759b3ec",
                "reference": "628a481780561150481a9ec74709092b9759b3ec",
                "shasum": ""
            },
            "require": {
                "ext-simplexml": "*",
                "ext-tokenizer": "*",
                "ext-xmlwriter": "*",
                "php": ">=5.4.0"
            },
            "require-dev": {
                "phpunit/phpunit": "^4.0 || ^5.0 || ^6.0 || ^7.0"
            },
            "bin": [
                "bin/phpcs",
                "bin/phpcbf"
            ],
            "type": "library",
            "extra": {
                "branch-alias": {
                    "dev-master": "3.x-dev"
                }
            },
            "notification-url": "https://packagist.org/downloads/",
            "license": [
                "BSD-3-Clause"
            ],
            "authors": [
                {
                    "name": "Greg Sherwood",
                    "role": "lead"
                }
            ],
            "description": "PHP_CodeSniffer tokenizes PHP, JavaScript and CSS files and detects violations of a defined set of coding standards.",
            "homepage": "http://www.squizlabs.com/php-codesniffer",
            "keywords": [
                "phpcs",
                "standards"
            ],
            "time": "2018-07-26T23:47:18+00:00"
        },
        {
            "name": "wp-coding-standards/wpcs",
            "version": "1.0.0",
            "source": {
                "type": "git",
                "url": "https://github.com/WordPress-Coding-Standards/WordPress-Coding-Standards.git",
                "reference": "539c6d74e6207daa22b7ea754d6f103e9abb2755"
            },
            "dist": {
                "type": "zip",
                "url": "https://api.github.com/repos/WordPress-Coding-Standards/WordPress-Coding-Standards/zipball/539c6d74e6207daa22b7ea754d6f103e9abb2755",
                "reference": "539c6d74e6207daa22b7ea754d6f103e9abb2755",
                "shasum": ""
            },
            "require": {
                "php": ">=5.3",
                "squizlabs/php_codesniffer": "^2.9.0 || ^3.0.2"
            },
            "require-dev": {
                "phpcompatibility/php-compatibility": "*"
            },
            "suggest": {
                "dealerdirect/phpcodesniffer-composer-installer": "^0.4.3 || This Composer plugin will sort out the PHPCS 'installed_paths' automatically."
            },
            "type": "phpcodesniffer-standard",
            "notification-url": "https://packagist.org/downloads/",
            "license": [
                "MIT"
            ],
            "authors": [
                {
                    "name": "Contributors",
                    "homepage": "https://github.com/WordPress-Coding-Standards/WordPress-Coding-Standards/graphs/contributors"
                }
            ],
            "description": "PHP_CodeSniffer rules (sniffs) to enforce WordPress coding conventions",
            "keywords": [
                "phpcs",
                "standards",
                "wordpress"
            ],
            "time": "2018-07-25T18:10:35+00:00"
        }
    ],
    "aliases": [],
    "minimum-stability": "stable",
    "stability-flags": [],
    "prefer-stable": false,
    "prefer-lowest": false,
    "platform": [],
    "platform-dev": []
}
